// !$*UTF8*$!
{
	archiveVersion = 1;
	classes = {
	};
	objectVersion = 46;
	objects = {

/* Begin PBXBuildFile section */
		252C25801AF9AA7D004B97C7 /* Textures.swift in Sources */ = {isa = PBXBuildFile; fileRef = 252C257F1AF9AA7D004B97C7 /* Textures.swift */; };
		256A570A1AF3BF0D00E83694 /* Collisions.swift in Sources */ = {isa = PBXBuildFile; fileRef = 256A57091AF3BF0D00E83694 /* Collisions.swift */; };
		256A570E1AF5324800E83694 /* BaseWorm.swift in Sources */ = {isa = PBXBuildFile; fileRef = 256A570D1AF5324800E83694 /* BaseWorm.swift */; };
		256A57101AF53BCE00E83694 /* HeadWorm.swift in Sources */ = {isa = PBXBuildFile; fileRef = 256A570F1AF53BCE00E83694 /* HeadWorm.swift */; };
		256A57121AF5AB4600E83694 /* Explosions.swift in Sources */ = {isa = PBXBuildFile; fileRef = 256A57111AF5AB4600E83694 /* Explosions.swift */; };
		25A1483E1AF86A41006F7898 /* NeckWorm.swift in Sources */ = {isa = PBXBuildFile; fileRef = 25A1483D1AF86A41006F7898 /* NeckWorm.swift */; };
		B51B7E441AEC2CF7002895B9 /* AppDelegate.swift in Sources */ = {isa = PBXBuildFile; fileRef = B51B7E431AEC2CF7002895B9 /* AppDelegate.swift */; };
		B51B7E461AEC2CF8002895B9 /* GameScene.sks in Resources */ = {isa = PBXBuildFile; fileRef = B51B7E451AEC2CF8002895B9 /* GameScene.sks */; };
		B51B7E481AEC2CF8002895B9 /* GameScene.swift in Sources */ = {isa = PBXBuildFile; fileRef = B51B7E471AEC2CF8002895B9 /* GameScene.swift */; };
		B51B7E4A1AEC2CF8002895B9 /* GameViewController.swift in Sources */ = {isa = PBXBuildFile; fileRef = B51B7E491AEC2CF8002895B9 /* GameViewController.swift */; };
		B51B7E4D1AEC2CF8002895B9 /* Main.storyboard in Resources */ = {isa = PBXBuildFile; fileRef = B51B7E4B1AEC2CF8002895B9 /* Main.storyboard */; };
		B51B7E4F1AEC2CF8002895B9 /* Images.xcassets in Resources */ = {isa = PBXBuildFile; fileRef = B51B7E4E1AEC2CF8002895B9 /* Images.xcassets */; };
		B51B7E5E1AEC2CF8002895B9 /* wormyTests.swift in Sources */ = {isa = PBXBuildFile; fileRef = B51B7E5D1AEC2CF8002895B9 /* wormyTests.swift */; };
		B544B9211AF7A47700E8D0C3 /* AnchorWorm.swift in Sources */ = {isa = PBXBuildFile; fileRef = B544B9201AF7A47700E8D0C3 /* AnchorWorm.swift */; };
		B5627B7A1AF8E9B2002583FE /* GravityWorm.swift in Sources */ = {isa = PBXBuildFile; fileRef = B5627B791AF8E9B2002583FE /* GravityWorm.swift */; };
/* End PBXBuildFile section */

/* Begin PBXContainerItemProxy section */
		B51B7E581AEC2CF8002895B9 /* PBXContainerItemProxy */ = {
			isa = PBXContainerItemProxy;
			containerPortal = B51B7E361AEC2CF7002895B9 /* Project object */;
			proxyType = 1;
			remoteGlobalIDString = B51B7E3D1AEC2CF7002895B9;
			remoteInfo = wormy;
		};
/* End PBXContainerItemProxy section */

/* Begin PBXFileReference section */
		252C257F1AF9AA7D004B97C7 /* Textures.swift */ = {isa = PBXFileReference; fileEncoding = 4; lastKnownFileType = sourcecode.swift; path = Textures.swift; sourceTree = "<group>"; };
		256A57091AF3BF0D00E83694 /* Collisions.swift */ = {isa = PBXFileReference; fileEncoding = 4; lastKnownFileType = sourcecode.swift; path = Collisions.swift; sourceTree = "<group>"; };
		256A570D1AF5324800E83694 /* BaseWorm.swift */ = {isa = PBXFileReference; fileEncoding = 4; lastKnownFileType = sourcecode.swift; path = BaseWorm.swift; sourceTree = "<group>"; };
		256A570F1AF53BCE00E83694 /* HeadWorm.swift */ = {isa = PBXFileReference; fileEncoding = 4; lastKnownFileType = sourcecode.swift; path = HeadWorm.swift; sourceTree = "<group>"; };
		256A57111AF5AB4600E83694 /* Explosions.swift */ = {isa = PBXFileReference; fileEncoding = 4; lastKnownFileType = sourcecode.swift; path = Explosions.swift; sourceTree = "<group>"; };
		25A1483D1AF86A41006F7898 /* NeckWorm.swift */ = {isa = PBXFileReference; fileEncoding = 4; lastKnownFileType = sourcecode.swift; path = NeckWorm.swift; sourceTree = "<group>"; };
		B51B7E3E1AEC2CF7002895B9 /* wormy.app */ = {isa = PBXFileReference; explicitFileType = wrapper.application; includeInIndex = 0; path = wormy.app; sourceTree = BUILT_PRODUCTS_DIR; };
		B51B7E421AEC2CF7002895B9 /* Info.plist */ = {isa = PBXFileReference; lastKnownFileType = text.plist.xml; path = Info.plist; sourceTree = "<group>"; };
		B51B7E431AEC2CF7002895B9 /* AppDelegate.swift */ = {isa = PBXFileReference; lastKnownFileType = sourcecode.swift; path = AppDelegate.swift; sourceTree = "<group>"; };
		B51B7E451AEC2CF8002895B9 /* GameScene.sks */ = {isa = PBXFileReference; lastKnownFileType = file.sks; path = GameScene.sks; sourceTree = "<group>"; };
		B51B7E471AEC2CF8002895B9 /* GameScene.swift */ = {isa = PBXFileReference; lastKnownFileType = sourcecode.swift; path = GameScene.swift; sourceTree = "<group>"; };
		B51B7E491AEC2CF8002895B9 /* GameViewController.swift */ = {isa = PBXFileReference; lastKnownFileType = sourcecode.swift; path = GameViewController.swift; sourceTree = "<group>"; };
		B51B7E4C1AEC2CF8002895B9 /* Base */ = {isa = PBXFileReference; lastKnownFileType = file.storyboard; name = Base; path = Base.lproj/Main.storyboard; sourceTree = "<group>"; };
		B51B7E4E1AEC2CF8002895B9 /* Images.xcassets */ = {isa = PBXFileReference; lastKnownFileType = folder.assetcatalog; path = Images.xcassets; sourceTree = "<group>"; };
		B51B7E571AEC2CF8002895B9 /* wormyTests.xctest */ = {isa = PBXFileReference; explicitFileType = wrapper.cfbundle; includeInIndex = 0; path = wormyTests.xctest; sourceTree = BUILT_PRODUCTS_DIR; };
		B51B7E5C1AEC2CF8002895B9 /* Info.plist */ = {isa = PBXFileReference; lastKnownFileType = text.plist.xml; path = Info.plist; sourceTree = "<group>"; };
		B51B7E5D1AEC2CF8002895B9 /* wormyTests.swift */ = {isa = PBXFileReference; lastKnownFileType = sourcecode.swift; name = wormyTests.swift; path = wormyTests/wormyTests.swift; sourceTree = SOURCE_ROOT; };
		B544B9201AF7A47700E8D0C3 /* AnchorWorm.swift */ = {isa = PBXFileReference; fileEncoding = 4; lastKnownFileType = sourcecode.swift; path = AnchorWorm.swift; sourceTree = "<group>"; };
		B5627B791AF8E9B2002583FE /* GravityWorm.swift */ = {isa = PBXFileReference; fileEncoding = 4; lastKnownFileType = sourcecode.swift; path = GravityWorm.swift; sourceTree = "<group>"; };
/* End PBXFileReference section */

/* Begin PBXFrameworksBuildPhase section */
		B51B7E3B1AEC2CF7002895B9 /* Frameworks */ = {
			isa = PBXFrameworksBuildPhase;
			buildActionMask = 2147483647;
			files = (
			);
			runOnlyForDeploymentPostprocessing = 0;
		};
		B51B7E541AEC2CF8002895B9 /* Frameworks */ = {
			isa = PBXFrameworksBuildPhase;
			buildActionMask = 2147483647;
			files = (
			);
			runOnlyForDeploymentPostprocessing = 0;
		};
/* End PBXFrameworksBuildPhase section */

/* Begin PBXGroup section */
		256A57041AF3A9C400E83694 /* Worm */ = {
			isa = PBXGroup;
			children = (
				256A570D1AF5324800E83694 /* BaseWorm.swift */,
				256A570F1AF53BCE00E83694 /* HeadWorm.swift */,
				B544B9201AF7A47700E8D0C3 /* AnchorWorm.swift */,
				25A1483D1AF86A41006F7898 /* NeckWorm.swift */,
				B5627B791AF8E9B2002583FE /* GravityWorm.swift */,
			);
			name = Worm;
			sourceTree = "<group>";
		};
		256A57071AF3BC4B00E83694 /* Food */ = {
			isa = PBXGroup;
			children = (
			);
			name = Food;
			sourceTree = "<group>";
		};
		256A57081AF3BEF800E83694 /* Game */ = {
			isa = PBXGroup;
			children = (
				256A57091AF3BF0D00E83694 /* Collisions.swift */,
				256A57111AF5AB4600E83694 /* Explosions.swift */,
				252C257F1AF9AA7D004B97C7 /* Textures.swift */,
			);
			name = Game;
			sourceTree = "<group>";
		};
		B51B7E351AEC2CF7002895B9 = {
			isa = PBXGroup;
			children = (
				B51B7E401AEC2CF7002895B9 /* wormy */,
				B51B7E5A1AEC2CF8002895B9 /* wormyTests */,
				B51B7E3F1AEC2CF7002895B9 /* Products */,
			);
			sourceTree = "<group>";
		};
		B51B7E3F1AEC2CF7002895B9 /* Products */ = {
			isa = PBXGroup;
			children = (
				B51B7E3E1AEC2CF7002895B9 /* wormy.app */,
				B51B7E571AEC2CF8002895B9 /* wormyTests.xctest */,
			);
			name = Products;
			sourceTree = "<group>";
		};
		B51B7E401AEC2CF7002895B9 /* wormy */ = {
			isa = PBXGroup;
			children = (
				256A57081AF3BEF800E83694 /* Game */,
				256A57071AF3BC4B00E83694 /* Food */,
				256A57041AF3A9C400E83694 /* Worm */,
				B51B7E431AEC2CF7002895B9 /* AppDelegate.swift */,
				B51B7E451AEC2CF8002895B9 /* GameScene.sks */,
				B51B7E471AEC2CF8002895B9 /* GameScene.swift */,
				B51B7E491AEC2CF8002895B9 /* GameViewController.swift */,
				B51B7E4B1AEC2CF8002895B9 /* Main.storyboard */,
				B51B7E4E1AEC2CF8002895B9 /* Images.xcassets */,
				B51B7E411AEC2CF7002895B9 /* Supporting Files */,
			);
			path = wormy;
			sourceTree = "<group>";
		};
		B51B7E411AEC2CF7002895B9 /* Supporting Files */ = {
			isa = PBXGroup;
			children = (
				B51B7E421AEC2CF7002895B9 /* Info.plist */,
			);
			name = "Supporting Files";
			sourceTree = "<group>";
		};
		B51B7E5A1AEC2CF8002895B9 /* wormyTests */ = {
			isa = PBXGroup;
			children = (
				B51B7E5D1AEC2CF8002895B9 /* wormyTests.swift */,
				B51B7E5B1AEC2CF8002895B9 /* Supporting Files */,
			);
			path = wormyTests;
			sourceTree = "<group>";
		};
		B51B7E5B1AEC2CF8002895B9 /* Supporting Files */ = {
			isa = PBXGroup;
			children = (
				B51B7E5C1AEC2CF8002895B9 /* Info.plist */,
			);
			name = "Supporting Files";
			sourceTree = "<group>";
		};
/* End PBXGroup section */

/* Begin PBXNativeTarget section */
		B51B7E3D1AEC2CF7002895B9 /* wormy */ = {
			isa = PBXNativeTarget;
			buildConfigurationList = B51B7E611AEC2CF8002895B9 /* Build configuration list for PBXNativeTarget "wormy" */;
			buildPhases = (
				B51B7E3A1AEC2CF7002895B9 /* Sources */,
				B51B7E3B1AEC2CF7002895B9 /* Frameworks */,
				B51B7E3C1AEC2CF7002895B9 /* Resources */,
			);
			buildRules = (
			);
			dependencies = (
			);
			name = wormy;
			productName = wormy;
			productReference = B51B7E3E1AEC2CF7002895B9 /* wormy.app */;
			productType = "com.apple.product-type.application";
		};
		B51B7E561AEC2CF8002895B9 /* wormyTests */ = {
			isa = PBXNativeTarget;
			buildConfigurationList = B51B7E641AEC2CF8002895B9 /* Build configuration list for PBXNativeTarget "wormyTests" */;
			buildPhases = (
				B51B7E531AEC2CF8002895B9 /* Sources */,
				B51B7E541AEC2CF8002895B9 /* Frameworks */,
				B51B7E551AEC2CF8002895B9 /* Resources */,
			);
			buildRules = (
			);
			dependencies = (
				B51B7E591AEC2CF8002895B9 /* PBXTargetDependency */,
			);
			name = wormyTests;
			productName = wormyTests;
			productReference = B51B7E571AEC2CF8002895B9 /* wormyTests.xctest */;
			productType = "com.apple.product-type.bundle.unit-test";
		};
/* End PBXNativeTarget section */

/* Begin PBXProject section */
		B51B7E361AEC2CF7002895B9 /* Project object */ = {
			isa = PBXProject;
			attributes = {
				LastUpgradeCheck = 0630;
				ORGANIZATIONNAME = "FInch Family";
				TargetAttributes = {
					B51B7E3D1AEC2CF7002895B9 = {
						CreatedOnToolsVersion = 6.3;
						DevelopmentTeam = QV3WX76TW7;
					};
					B51B7E561AEC2CF8002895B9 = {
						CreatedOnToolsVersion = 6.3;
						TestTargetID = B51B7E3D1AEC2CF7002895B9;
					};
				};
			};
			buildConfigurationList = B51B7E391AEC2CF7002895B9 /* Build configuration list for PBXProject "wormy" */;
			compatibilityVersion = "Xcode 3.2";
			developmentRegion = English;
			hasScannedForEncodings = 0;
			knownRegions = (
				en,
				Base,
			);
			mainGroup = B51B7E351AEC2CF7002895B9;
			productRefGroup = B51B7E3F1AEC2CF7002895B9 /* Products */;
			projectDirPath = "";
			projectRoot = "";
			targets = (
				B51B7E3D1AEC2CF7002895B9 /* wormy */,
				B51B7E561AEC2CF8002895B9 /* wormyTests */,
			);
		};
/* End PBXProject section */

/* Begin PBXResourcesBuildPhase section */
		B51B7E3C1AEC2CF7002895B9 /* Resources */ = {
			isa = PBXResourcesBuildPhase;
			buildActionMask = 2147483647;
			files = (
				B51B7E4F1AEC2CF8002895B9 /* Images.xcassets in Resources */,
				B51B7E461AEC2CF8002895B9 /* GameScene.sks in Resources */,
				B51B7E4D1AEC2CF8002895B9 /* Main.storyboard in Resources */,
			);
			runOnlyForDeploymentPostprocessing = 0;
		};
		B51B7E551AEC2CF8002895B9 /* Resources */ = {
			isa = PBXResourcesBuildPhase;
			buildActionMask = 2147483647;
			files = (
			);
			runOnlyForDeploymentPostprocessing = 0;
		};
/* End PBXResourcesBuildPhase section */

/* Begin PBXSourcesBuildPhase section */
		B51B7E3A1AEC2CF7002895B9 /* Sources */ = {
			isa = PBXSourcesBuildPhase;
			buildActionMask = 2147483647;
			files = (
				B51B7E481AEC2CF8002895B9 /* GameScene.swift in Sources */,
				256A57101AF53BCE00E83694 /* HeadWorm.swift in Sources */,
				B51B7E4A1AEC2CF8002895B9 /* GameViewController.swift in Sources */,
				B5627B7A1AF8E9B2002583FE /* GravityWorm.swift in Sources */,
				B51B7E441AEC2CF7002895B9 /* AppDelegate.swift in Sources */,
				256A57121AF5AB4600E83694 /* Explosions.swift in Sources */,
				252C25801AF9AA7D004B97C7 /* Textures.swift in Sources */,
				B544B9211AF7A47700E8D0C3 /* AnchorWorm.swift in Sources */,
				25A1483E1AF86A41006F7898 /* NeckWorm.swift in Sources */,
				256A570E1AF5324800E83694 /* BaseWorm.swift in Sources */,
				256A570A1AF3BF0D00E83694 /* Collisions.swift in Sources */,
			);
			runOnlyForDeploymentPostprocessing = 0;
		};
		B51B7E531AEC2CF8002895B9 /* Sources */ = {
			isa = PBXSourcesBuildPhase;
			buildActionMask = 2147483647;
			files = (
				B51B7E5E1AEC2CF8002895B9 /* wormyTests.swift in Sources */,
			);
			runOnlyForDeploymentPostprocessing = 0;
		};
/* End PBXSourcesBuildPhase section */

/* Begin PBXTargetDependency section */
		B51B7E591AEC2CF8002895B9 /* PBXTargetDependency */ = {
			isa = PBXTargetDependency;
			target = B51B7E3D1AEC2CF7002895B9 /* wormy */;
			targetProxy = B51B7E581AEC2CF8002895B9 /* PBXContainerItemProxy */;
		};
/* End PBXTargetDependency section */

/* Begin PBXVariantGroup section */
		B51B7E4B1AEC2CF8002895B9 /* Main.storyboard */ = {
			isa = PBXVariantGroup;
			children = (
				B51B7E4C1AEC2CF8002895B9 /* Base */,
			);
			name = Main.storyboard;
			sourceTree = "<group>";
		};
/* End PBXVariantGroup section */

/* Begin XCBuildConfiguration section */
		B51B7E5F1AEC2CF8002895B9 /* Debug */ = {
			isa = XCBuildConfiguration;
			buildSettings = {
				ALWAYS_SEARCH_USER_PATHS = NO;
				CLANG_CXX_LANGUAGE_STANDARD = "gnu++0x";
				CLANG_CXX_LIBRARY = "libc++";
				CLANG_ENABLE_MODULES = YES;
				CLANG_ENABLE_OBJC_ARC = YES;
				CLANG_WARN_BOOL_CONVERSION = YES;
				CLANG_WARN_CONSTANT_CONVERSION = YES;
				CLANG_WARN_DIRECT_OBJC_ISA_USAGE = YES_ERROR;
				CLANG_WARN_EMPTY_BODY = YES;
				CLANG_WARN_ENUM_CONVERSION = YES;
				CLANG_WARN_INT_CONVERSION = YES;
				CLANG_WARN_OBJC_ROOT_CLASS = YES_ERROR;
				CLANG_WARN_UNREACHABLE_CODE = YES;
				CLANG_WARN__DUPLICATE_METHOD_MATCH = YES;
				"CODE_SIGN_IDENTITY[sdk=iphoneos*]" = "iPhone Developer";
				COPY_PHASE_STRIP = NO;
				DEBUG_INFORMATION_FORMAT = "dwarf-with-dsym";
				ENABLE_STRICT_OBJC_MSGSEND = YES;
				GCC_C_LANGUAGE_STANDARD = gnu99;
				GCC_DYNAMIC_NO_PIC = NO;
				GCC_NO_COMMON_BLOCKS = YES;
				GCC_OPTIMIZATION_LEVEL = 0;
				GCC_PREPROCESSOR_DEFINITIONS = (
					"DEBUG=1",
					"$(inherited)",
				);
				GCC_SYMBOLS_PRIVATE_EXTERN = NO;
				GCC_WARN_64_TO_32_BIT_CONVERSION = YES;
				GCC_WARN_ABOUT_RETURN_TYPE = YES_ERROR;
				GCC_WARN_UNDECLARED_SELECTOR = YES;
				GCC_WARN_UNINITIALIZED_AUTOS = YES_AGGRESSIVE;
				GCC_WARN_UNUSED_FUNCTION = YES;
				GCC_WARN_UNUSED_VARIABLE = YES;
				IPHONEOS_DEPLOYMENT_TARGET = 8.3;
				MTL_ENABLE_DEBUG_INFO = YES;
				ONLY_ACTIVE_ARCH = YES;
				SDKROOT = iphoneos;
				SWIFT_OPTIMIZATION_LEVEL = "-Onone";
				TARGETED_DEVICE_FAMILY = "1,2";
			};
			name = Debug;
		};
		B51B7E601AEC2CF8002895B9 /* Release */ = {
			isa = XCBuildConfiguration;
			buildSettings = {
				ALWAYS_SEARCH_USER_PATHS = NO;
				CLANG_CXX_LANGUAGE_STANDARD = "gnu++0x";
				CLANG_CXX_LIBRARY = "libc++";
				CLANG_ENABLE_MODULES = YES;
				CLANG_ENABLE_OBJC_ARC = YES;
				CLANG_WARN_BOOL_CONVERSION = YES;
				CLANG_WARN_CONSTANT_CONVERSION = YES;
				CLANG_WARN_DIRECT_OBJC_ISA_USAGE = YES_ERROR;
				CLANG_WARN_EMPTY_BODY = YES;
				CLANG_WARN_ENUM_CONVERSION = YES;
				CLANG_WARN_INT_CONVERSION = YES;
				CLANG_WARN_OBJC_ROOT_CLASS = YES_ERROR;
				CLANG_WARN_UNREACHABLE_CODE = YES;
				CLANG_WARN__DUPLICATE_METHOD_MATCH = YES;
				"CODE_SIGN_IDENTITY[sdk=iphoneos*]" = "iPhone Developer";
				COPY_PHASE_STRIP = NO;
				DEBUG_INFORMATION_FORMAT = "dwarf-with-dsym";
				ENABLE_NS_ASSERTIONS = NO;
				ENABLE_STRICT_OBJC_MSGSEND = YES;
				GCC_C_LANGUAGE_STANDARD = gnu99;
				GCC_NO_COMMON_BLOCKS = YES;
				GCC_WARN_64_TO_32_BIT_CONVERSION = YES;
				GCC_WARN_ABOUT_RETURN_TYPE = YES_ERROR;
				GCC_WARN_UNDECLARED_SELECTOR = YES;
				GCC_WARN_UNINITIALIZED_AUTOS = YES_AGGRESSIVE;
				GCC_WARN_UNUSED_FUNCTION = YES;
				GCC_WARN_UNUSED_VARIABLE = YES;
				IPHONEOS_DEPLOYMENT_TARGET = 8.3;
				MTL_ENABLE_DEBUG_INFO = NO;
				SDKROOT = iphoneos;
				TARGETED_DEVICE_FAMILY = "1,2";
				VALIDATE_PRODUCT = YES;
			};
			name = Release;
		};
		B51B7E621AEC2CF8002895B9 /* Debug */ = {
			isa = XCBuildConfiguration;
			buildSettings = {
				ASSETCATALOG_COMPILER_APPICON_NAME = AppIcon;
				CODE_SIGN_IDENTITY = "iPhone Developer";
				"CODE_SIGN_IDENTITY[sdk=iphoneos*]" = "iPhone Developer";
				INFOPLIST_FILE = wormy/Info.plist;
				IPHONEOS_DEPLOYMENT_TARGET = 7.0;
				LD_RUNPATH_SEARCH_PATHS = "$(inherited) @executable_path/Frameworks";
				PRODUCT_NAME = "$(TARGET_NAME)";
				PROVISIONING_PROFILE = "";
			};
			name = Debug;
		};
		B51B7E631AEC2CF8002895B9 /* Release */ = {
			isa = XCBuildConfiguration;
			buildSettings = {
				ASSETCATALOG_COMPILER_APPICON_NAME = AppIcon;
				CODE_SIGN_IDENTITY = "iPhone Developer";
				"CODE_SIGN_IDENTITY[sdk=iphoneos*]" = "iPhone Developer";
				INFOPLIST_FILE = wormy/Info.plist;
				IPHONEOS_DEPLOYMENT_TARGET = 7.0;
				LD_RUNPATH_SEARCH_PATHS = "$(inherited) @executable_path/Frameworks";
				PRODUCT_NAME = "$(TARGET_NAME)";
				PROVISIONING_PROFILE = "";
			};
			name = Release;
		};
		B51B7E651AEC2CF8002895B9 /* Debug */ = {
			isa = XCBuildConfiguration;
			buildSettings = {
				BUNDLE_LOADER = "$(TEST_HOST)";
				FRAMEWORK_SEARCH_PATHS = (
					"$(SDKROOT)/Developer/Library/Frameworks",
					"$(inherited)",
				);
				GCC_PREPROCESSOR_DEFINITIONS = (
					"DEBUG=1",
					"$(inherited)",
				);
				INFOPLIST_FILE = wormyTests/Info.plist;
				LD_RUNPATH_SEARCH_PATHS = "$(inherited) @executable_path/Frameworks @loader_path/Frameworks";
				PRODUCT_NAME = "$(TARGET_NAME)";
				TEST_HOST = "$(BUILT_PRODUCTS_DIR)/wormy.app/wormy";
			};
			name = Debug;
		};
		B51B7E661AEC2CF8002895B9 /* Release */ = {
			isa = XCBuildConfiguration;
			buildSettings = {
				BUNDLE_LOADER = "$(TEST_HOST)";
				FRAMEWORK_SEARCH_PATHS = (
					"$(SDKROOT)/Developer/Library/Frameworks",
					"$(inherited)",
				);
				INFOPLIST_FILE = wormyTests/Info.plist;
				LD_RUNPATH_SEARCH_PATHS = "$(inherited) @executable_path/Frameworks @loader_path/Frameworks";
				PRODUCT_NAME = "$(TARGET_NAME)";
				TEST_HOST = "$(BUILT_PRODUCTS_DIR)/wormy.app/wormy";
			};
			name = Release;
		};
/* End XCBuildConfiguration section */

/* Begin XCConfigurationList section */
		B51B7E391AEC2CF7002895B9 /* Build configuration list for PBXProject "wormy" */ = {
			isa = XCConfigurationList;
			buildConfigurations = (
				B51B7E5F1AEC2CF8002895B9 /* Debug */,
				B51B7E601AEC2CF8002895B9 /* Release */,
			);
			defaultConfigurationIsVisible = 0;
			defaultConfigurationName = Release;
		};
		B51B7E611AEC2CF8002895B9 /* Build configuration list for PBXNativeTarget "wormy" */ = {
			isa = XCConfigurationList;
			buildConfigurations = (
				B51B7E621AEC2CF8002895B9 /* Debug */,
				B51B7E631AEC2CF8002895B9 /* Release */,
			);
			defaultConfigurationIsVisible = 0;
			defaultConfigurationName = Release;
		};
		B51B7E641AEC2CF8002895B9 /* Build configuration list for PBXNativeTarget "wormyTests" */ = {
			isa = XCConfigurationList;
			buildConfigurations = (
				B51B7E651AEC2CF8002895B9 /* Debug */,
				B51B7E661AEC2CF8002895B9 /* Release */,
			);
			defaultConfigurationIsVisible = 0;
			defaultConfigurationName = Release;
		};
/* End XCConfigurationList section */
	};
	rootObject = B51B7E361AEC2CF7002895B9 /* Project object */;
}
